
Microsoft Visual Studio Solution File, Format Version 12.00
# Visual Studio 15
Project("{FAE04EC0-301F-11D3-BF4B-00C04F79EFBC}") = "Assembly-CSharp", "Assembly-CSharp.csproj", "{1B4AF89A-AFBD-9559-A92D-824BFB0C16DC}"
EndProject
Project("{FAE04EC0-301F-11D3-BF4B-00C04F79EFBC}") = "Assembly-CSharp-Editor", "Assembly-CSharp-Editor.csproj", "{2F20A2C8-B6A9-91A7-7B67-1C3C3BD313CF}"
EndProject
Global
	GlobalSection(SolutionConfigurationPlatforms) = preSolution
		Debug|Any CPU = Debug|Any CPU
		Release|Any CPU = Release|Any CPU
	EndGlobalSection
	GlobalSection(ProjectConfigurationPlatforms) = postSolution
		{1B4AF89A-AFBD-9559-A92D-824BFB0C16DC}.Debug|Any CPU.ActiveCfg = Debug|Any CPU
		{1B4AF89A-AFBD-9559-A92D-824BFB0C16DC}.Debug|Any CPU.Build.0 = Debug|Any CPU
		{1B4AF89A-AFBD-9559-A92D-824BFB0C16DC}.Release|Any CPU.ActiveCfg = Release|Any CPU
		{1B4AF89A-AFBD-9559-A92D-824BFB0C16DC}.Release|Any CPU.Build.0 = Release|Any CPU
		{2F20A2C8-B6A9-91A7-7B67-1C3C3BD313CF}.Debug|Any CPU.ActiveCfg = Debug|Any CPU
		{2F20A2C8-B6A9-91A7-7B67-1C3C3BD313CF}.Debug|Any CPU.Build.0 = Debug|Any CPU
		{2F20A2C8-B6A9-91A7-7B67-1C3C3BD313CF}.Release|Any CPU.ActiveCfg = Release|Any CPU
		{2F20A2C8-B6A9-91A7-7B67-1C3C3BD313CF}.Release|Any CPU.Build.0 = Release|Any CPU
	EndGlobalSection
	GlobalSection(SolutionProperties) = preSolution
		HideSolutionNode = FALSE
	EndGlobalSection
EndGlobal
